
Microsoft Visual Studio Solution File, Format Version 12.00
# Visual Studio Version 17
VisualStudioVersion = 17.2.32519.379
MinimumVisualStudioVersion = 10.0.40219.1
Project("{9A19103F-16F7-4668-BE54-9A1E7A4F7556}") = "Lab3_301249589(Fadeeva)_Question1", "Lab3_301249589(Fadeeva)_Question1.csproj", "{1635F09A-65F8-48F9-824C-C73693E2E9D0}"
EndProject
Global
	GlobalSection(SolutionConfigurationPlatforms) = preSolution
		Debug|Any CPU = Debug|Any CPU
		Release|Any CPU = Release|Any CPU
	EndGlobalSection
	GlobalSection(ProjectConfigurationPlatforms) = postSolution
		{1635F09A-65F8-48F9-824C-C73693E2E9D0}.Debug|Any CPU.ActiveCfg = Debug|Any CPU
		{1635F09A-65F8-48F9-824C-C73693E2E9D0}.Debug|Any CPU.Build.0 = Debug|Any CPU
		{1635F09A-65F8-48F9-824C-C73693E2E9D0}.Release|Any CPU.ActiveCfg = Release|Any CPU
		{1635F09A-65F8-48F9-824C-C73693E2E9D0}.Release|Any CPU.Build.0 = Release|Any CPU
	EndGlobalSection
	GlobalSection(SolutionProperties) = preSolution
		HideSolutionNode = FALSE
	EndGlobalSection
	GlobalSection(ExtensibilityGlobals) = postSolution
		SolutionGuid = {59D21B2C-94B4-4220-B794-C8C93045D822}
	EndGlobalSection
EndGlobal
